{
  "name": "docker_nest_test",
  "lockfileVersion": 2,
  "requires": true,
  "packages": {
    "": {
      "dependencies": {
        "iamport-typings": "^1.3.0"
      }
    },
    "node_modules/iamport-typings": {
      "version": "1.3.0",
      "resolved": "https://registry.npmjs.org/iamport-typings/-/iamport-typings-1.3.0.tgz",
      "integrity": "sha512-mQmit2y35hOvOrnJ5ROKi+t4473lcOHLHlGeij5gANtznEuizyV1gXkqEkvjOQurrVVd0yTXPNVWlISSMLxjTQ=="
    }
  },
  "dependencies": {
    "iamport-typings": {
      "version": "1.3.0",
      "resolved": "https://registry.npmjs.org/iamport-typings/-/iamport-typings-1.3.0.tgz",
      "integrity": "sha512-mQmit2y35hOvOrnJ5ROKi+t4473lcOHLHlGeij5gANtznEuizyV1gXkqEkvjOQurrVVd0yTXPNVWlISSMLxjTQ=="
    }
  }
}
